<?xml version="1.0" encoding="utf-8"?>
<Project ToolsVersion="4.0" xmlns="http://schemas.microsoft.com/developer/msbuild/2003">
  <ItemGroup>
    <Filter Include="Source Files">
      <UniqueIdentifier>{4FC737F1-C7A5-4376-A066-2A32D752A2FF}</UniqueIdentifier>
      <Extensions>cpp;c;cc;cxx;def;odl;idl;hpj;bat;asm;asmx</Extensions>
    </Filter>
    <Filter Include="Header Files">
      <UniqueIdentifier>{93995380-89BD-4b04-88EB-625FBE52EBFB}</UniqueIdentifier>
      <Extensions>h;hh;hpp;hxx;hm;inl;inc;xsd</Extensions>
    </Filter>
    <Filter Include="Resource Files">
      <UniqueIdentifier>{67DA6AB6-F800-4c08-8B7A-83BB121AAD01}</UniqueIdentifier>
      <Extensions>rc;ico;cur;bmp;dlg;rc2;rct;bin;rgs;gif;jpg;jpeg;jpe;resx;tiff;tif;png;wav;mfcribbon-ms</Extensions>
    </Filter>
    <Filter Include="Header Files\structs">
      <UniqueIdentifier>{998a912f-8ad8-4b59-be82-77df0a9e45bd}</UniqueIdentifier>
    </Filter>
    <Filter Include="Header Files\math">
      <UniqueIdentifier>{d30c7f7f-8222-4d61-8ca7-80ee333c2851}</UniqueIdentifier>
    </Filter>
    <Filter Include="Header Files\model">
      <UniqueIdentifier>{d39ee904-fddc-49d7-adf8-85569b6d2a99}</UniqueIdentifier>
    </Filter>
    <Filter Include="Header Files\utils">
      <UniqueIdentifier>{cf4c7d84-4c31-45a5-9741-17d9e46c00c7}</UniqueIdentifier>
    </Filter>
    <Filter Include="Source Files\utils">
      <UniqueIdentifier>{1409a31a-56ff-4da4-b9f3-5d9fe358163a}</UniqueIdentifier>
    </Filter>
    <Filter Include="Source Files\model">
      <UniqueIdentifier>{288812f0-3eb7-4448-85f8-3c250ec65d2b}</UniqueIdentifier>
    </Filter>
    <Filter Include="Header Files\material">
      <UniqueIdentifier>{91b01343-7e46-4b67-8a73-54a9f384fb7f}</UniqueIdentifier>
    </Filter>
    <Filter Include="Source Files\material">
      <UniqueIdentifier>{8ec3b637-83f5-49c5-8d99-3c40665123d4}</UniqueIdentifier>
    </Filter>
    <Filter Include="Header Files\prefab">
      <UniqueIdentifier>{0bb5834b-f9d7-4ddb-b7e3-683bff0216d4}</UniqueIdentifier>
    </Filter>
    <Filter Include="Source Files\prefab">
      <UniqueIdentifier>{cc02a0e7-5f61-47d2-81db-9b51b0c3cbab}</UniqueIdentifier>
    </Filter>
    <Filter Include="Source Files\fmt">
      <UniqueIdentifier>{38b30b6e-1b39-441d-880a-26252db7ba1c}</UniqueIdentifier>
    </Filter>
    <Filter Include="Source Files\texture">
      <UniqueIdentifier>{5f75f9fd-21e7-487a-aca2-30f5c5259544}</UniqueIdentifier>
    </Filter>
    <Filter Include="Header Files\texture">
      <UniqueIdentifier>{5fc76f30-360e-46c1-a66a-e6f1bdc01b2f}</UniqueIdentifier>
    </Filter>
    <Filter Include="Source Files\structs">
      <UniqueIdentifier>{031271cf-59ec-43e4-a2f7-b6cdf7f73730}</UniqueIdentifier>
    </Filter>
  </ItemGroup>
  <ItemGroup>
    <ClCompile Include="_main.cpp">
      <Filter>Source Files</Filter>
    </ClCompile>
    <ClCompile Include="model\model.cpp">
      <Filter>Source Files\model</Filter>
    </ClCompile>
    <ClCompile Include="model\piece.cpp">
      <Filter>Source Files\model</Filter>
    </ClCompile>
    <ClCompile Include="material\material.cpp">
      <Filter>Source Files\material</Filter>
    </ClCompile>
    <ClCompile Include="utils\token.cpp">
      <Filter>Source Files\utils</Filter>
    </ClCompile>
    <ClCompile Include="file.cpp">
      <Filter>Source Files</Filter>
    </ClCompile>
    <ClCompile Include="model\animation.cpp">
      <Filter>Source Files\model</Filter>
    </ClCompile>
    <ClCompile Include="prefab\prefab.cpp">
      <Filter>Source Files\prefab</Filter>
    </ClCompile>
    <ClCompile Include="libs\fmt\fmt\format.cc">
      <Filter>Source Files\fmt</Filter>
    </ClCompile>
    <ClCompile Include="libs\fmt\fmt\ostream.cc">
      <Filter>Source Files\fmt</Filter>
    </ClCompile>
    <ClCompile Include="libs\fmt\fmt\posix.cc">
      <Filter>Source Files\fmt</Filter>
    </ClCompile>
    <ClCompile Include="resource_lib.cpp">
      <Filter>Source Files</Filter>
    </ClCompile>
    <ClCompile Include="texture\texture.cpp">
      <Filter>Source Files\texture</Filter>
    </ClCompile>
    <ClCompile Include="texture\texture_object.cpp">
      <Filter>Source Files\texture</Filter>
    </ClCompile>
    <ClCompile Include="config.cpp">
      <Filter>Source Files</Filter>
    </ClCompile>
    <ClCompile Include="structs\dds.cpp">
      <Filter>Source Files\structs</Filter>
    </ClCompile>
  </ItemGroup>
  <ItemGroup>
    <ClInclude Include="structs\pmg.h">
      <Filter>Header Files\structs</Filter>
    </ClInclude>
    <ClInclude Include="prerequisites.h">
      <Filter>Header Files</Filter>
    </ClInclude>
    <ClInclude Include="math\vector.h">
      <Filter>Header Files\math</Filter>
    </ClInclude>
    <ClInclude Include="math\matrix.h">
      <Filter>Header Files\math</Filter>
    </ClInclude>
    <ClInclude Include="math\quaternion.h">
      <Filter>Header Files\math</Filter>
    </ClInclude>
    <ClInclude Include="model\piece.h">
      <Filter>Header Files\model</Filter>
    </ClInclude>
    <ClInclude Include="model\locator.h">
      <Filter>Header Files\model</Filter>
    </ClInclude>
    <ClInclude Include="model\model.h">
      <Filter>Header Files\model</Filter>
    </ClInclude>
    <ClInclude Include="model\part.h">
      <Filter>Header Files\model</Filter>
    </ClInclude>
    <ClInclude Include="model\bone.h">
      <Filter>Header Files\model</Filter>
    </ClInclude>
    <ClInclude Include="structs\pmd.h">
      <Filter>Header Files\structs</Filter>
    </ClInclude>
    <ClInclude Include="material\material.h">
      <Filter>Header Files\material</Filter>
    </ClInclude>
    <ClInclude Include="utils\types.h">
      <Filter>Header Files\utils</Filter>
    </ClInclude>
    <ClInclude Include="utils\token.h">
      <Filter>Header Files\utils</Filter>
    </ClInclude>
    <ClInclude Include="file.h">
      <Filter>Header Files</Filter>
    </ClInclude>
    <ClInclude Include="version.h">
      <Filter>Header Files</Filter>
    </ClInclude>
    <ClInclude Include="model\animation.h">
      <Filter>Header Files\model</Filter>
    </ClInclude>
    <ClInclude Include="structs\pma.h">
      <Filter>Header Files\structs</Filter>
    </ClInclude>
    <ClInclude Include="structs\tobj.h">
      <Filter>Header Files\structs</Filter>
    </ClInclude>
    <ClInclude Include="structs\ppd.h">
      <Filter>Header Files\structs</Filter>
    </ClInclude>
    <ClInclude Include="prefab\prefab.h">
      <Filter>Header Files\prefab</Filter>
    </ClInclude>
    <ClInclude Include="prefab\node.h">
      <Filter>Header Files\prefab</Filter>
    </ClInclude>
    <ClInclude Include="prefab\curve.h">
      <Filter>Header Files\prefab</Filter>
    </ClInclude>
    <ClInclude Include="prefab\sign.h">
      <Filter>Header Files\prefab</Filter>
    </ClInclude>
    <ClInclude Include="prefab\semaphore.h">
      <Filter>Header Files\prefab</Filter>
    </ClInclude>
    <ClInclude Include="prefab\spawn_point.h">
      <Filter>Header Files\prefab</Filter>
    </ClInclude>
    <ClInclude Include="prefab\map_point.h">
      <Filter>Header Files\prefab</Filter>
    </ClInclude>
    <ClInclude Include="prefab\terrain_point_variant.h">
      <Filter>Header Files\prefab</Filter>
    </ClInclude>
    <ClInclude Include="prefab\trigger_point.h">
      <Filter>Header Files\prefab</Filter>
    </ClInclude>
    <ClInclude Include="prefab\intersection.h">
      <Filter>Header Files\prefab</Filter>
    </ClInclude>
    <ClInclude Include="utils\explicit_singleton.h">
      <Filter>Header Files\utils</Filter>
    </ClInclude>
    <ClInclude Include="utils\hash.h">
      <Filter>Header Files\utils</Filter>
    </ClInclude>
    <ClInclude Include="resource_lib.h">
      <Filter>Header Files</Filter>
    </ClInclude>
    <ClInclude Include="texture\texture_object.h">
      <Filter>Header Files\texture</Filter>
    </ClInclude>
    <ClInclude Include="texture\texture.h">
      <Filter>Header Files\texture</Filter>
    </ClInclude>
    <ClInclude Include="config.h">
      <Filter>Header Files</Filter>
    </ClInclude>
    <ClInclude Include="structs\dds.h">
      <Filter>Header Files\structs</Filter>
    </ClInclude>
  </ItemGroup>
</Project>