
Microsoft Visual Studio Solution File, Format Version 12.00
# Visual Studio 14
VisualStudioVersion = 14.0.25420.1
MinimumVisualStudioVersion = 10.0.40219.1
Project("{8BC9CEB8-8B4A-11D0-8D11-00A0C91BC942}") = "zlib", "libs\zlib\zlib.vcxproj", "{33134F61-C1AD-4B6F-9CEA-503A9F140C52}"
EndProject
Project("{8BC9CEB8-8B4A-11D0-8D11-00A0C91BC942}") = "Core", "Core.vcxproj", "{7AF227E8-E1B1-4364-A66F-3752D1B23713}"
EndProject
Project("{8BC9CEB8-8B4A-11D0-8D11-00A0C91BC942}") = "ConverterPIX", "cmd\ConverterPIX.vcxproj", "{8ACF1ABB-2B42-492B-A403-BD98A61FC110}"
EndProject
Project("{8BC9CEB8-8B4A-11D0-8D11-00A0C91BC942}") = "GUI ConverterPIX", "gui\GUIConverterPIX.vcxproj", "{07E5351D-840D-48D6-B242-D4C4501DFF2E}"
EndProject
Project("{8BC9CEB8-8B4A-11D0-8D11-00A0C91BC942}") = "cityhash", "libs\cityhash\cityhash.vcxproj", "{75A85A1A-359C-4C0F-9440-024C62F43C50}"
EndProject
Project("{2150E333-8FDC-42A3-9474-1A3956D46DE8}") = "Libraries", "Libraries", "{D86FC0C4-1146-4480-BD0D-E1764B35C39E}"
EndProject
Global
	GlobalSection(SolutionConfigurationPlatforms) = preSolution
		Debug|Win32 = Debug|Win32
		Debug|x64 = Debug|x64
		Release|Win32 = Release|Win32
		Release|x64 = Release|x64
	EndGlobalSection
	GlobalSection(ProjectConfigurationPlatforms) = postSolution
		{33134F61-C1AD-4B6F-9CEA-503A9F140C52}.Debug|Win32.ActiveCfg = Debug|Win32
		{33134F61-C1AD-4B6F-9CEA-503A9F140C52}.Debug|Win32.Build.0 = Debug|Win32
		{33134F61-C1AD-4B6F-9CEA-503A9F140C52}.Debug|x64.ActiveCfg = Debug|x64
		{33134F61-C1AD-4B6F-9CEA-503A9F140C52}.Debug|x64.Build.0 = Debug|x64
		{33134F61-C1AD-4B6F-9CEA-503A9F140C52}.Release|Win32.ActiveCfg = Release|Win32
		{33134F61-C1AD-4B6F-9CEA-503A9F140C52}.Release|Win32.Build.0 = Release|Win32
		{33134F61-C1AD-4B6F-9CEA-503A9F140C52}.Release|x64.ActiveCfg = Release|x64
		{33134F61-C1AD-4B6F-9CEA-503A9F140C52}.Release|x64.Build.0 = Release|x64
		{7AF227E8-E1B1-4364-A66F-3752D1B23713}.Debug|Win32.ActiveCfg = Debug|Win32
		{7AF227E8-E1B1-4364-A66F-3752D1B23713}.Debug|Win32.Build.0 = Debug|Win32
		{7AF227E8-E1B1-4364-A66F-3752D1B23713}.Debug|x64.ActiveCfg = Debug|Win32
		{7AF227E8-E1B1-4364-A66F-3752D1B23713}.Release|Win32.ActiveCfg = Release|Win32
		{7AF227E8-E1B1-4364-A66F-3752D1B23713}.Release|Win32.Build.0 = Release|Win32
		{7AF227E8-E1B1-4364-A66F-3752D1B23713}.Release|x64.ActiveCfg = Release|Win32
		{8ACF1ABB-2B42-492B-A403-BD98A61FC110}.Debug|Win32.ActiveCfg = Debug|Win32
		{8ACF1ABB-2B42-492B-A403-BD98A61FC110}.Debug|Win32.Build.0 = Debug|Win32
		{8ACF1ABB-2B42-492B-A403-BD98A61FC110}.Debug|x64.ActiveCfg = Debug|Win32
		{8ACF1ABB-2B42-492B-A403-BD98A61FC110}.Release|Win32.ActiveCfg = Release|Win32
		{8ACF1ABB-2B42-492B-A403-BD98A61FC110}.Release|Win32.Build.0 = Release|Win32
		{8ACF1ABB-2B42-492B-A403-BD98A61FC110}.Release|x64.ActiveCfg = Release|Win32
		{07E5351D-840D-48D6-B242-D4C4501DFF2E}.Debug|Win32.ActiveCfg = Debug|Win32
		{07E5351D-840D-48D6-B242-D4C4501DFF2E}.Debug|Win32.Build.0 = Debug|Win32
		{07E5351D-840D-48D6-B242-D4C4501DFF2E}.Debug|x64.ActiveCfg = Debug|x64
		{07E5351D-840D-48D6-B242-D4C4501DFF2E}.Debug|x64.Build.0 = Debug|x64
		{07E5351D-840D-48D6-B242-D4C4501DFF2E}.Release|Win32.ActiveCfg = Release|Win32
		{07E5351D-840D-48D6-B242-D4C4501DFF2E}.Release|Win32.Build.0 = Release|Win32
		{07E5351D-840D-48D6-B242-D4C4501DFF2E}.Release|x64.ActiveCfg = Release|x64
		{07E5351D-840D-48D6-B242-D4C4501DFF2E}.Release|x64.Build.0 = Release|x64
		{75A85A1A-359C-4C0F-9440-024C62F43C50}.Debug|Win32.ActiveCfg = Debug|Win32
		{75A85A1A-359C-4C0F-9440-024C62F43C50}.Debug|Win32.Build.0 = Debug|Win32
		{75A85A1A-359C-4C0F-9440-024C62F43C50}.Debug|x64.ActiveCfg = Debug|x64
		{75A85A1A-359C-4C0F-9440-024C62F43C50}.Debug|x64.Build.0 = Debug|x64
		{75A85A1A-359C-4C0F-9440-024C62F43C50}.Release|Win32.ActiveCfg = Release|Win32
		{75A85A1A-359C-4C0F-9440-024C62F43C50}.Release|Win32.Build.0 = Release|Win32
		{75A85A1A-359C-4C0F-9440-024C62F43C50}.Release|x64.ActiveCfg = Release|x64
		{75A85A1A-359C-4C0F-9440-024C62F43C50}.Release|x64.Build.0 = Release|x64
	EndGlobalSection
	GlobalSection(SolutionProperties) = preSolution
		HideSolutionNode = FALSE
	EndGlobalSection
	GlobalSection(NestedProjects) = preSolution
		{33134F61-C1AD-4B6F-9CEA-503A9F140C52} = {D86FC0C4-1146-4480-BD0D-E1764B35C39E}
		{75A85A1A-359C-4C0F-9440-024C62F43C50} = {D86FC0C4-1146-4480-BD0D-E1764B35C39E}
	EndGlobalSection
EndGlobal
