<?xml version="1.0" encoding="utf-8"?>
<Project ToolsVersion="4.0" xmlns="http://schemas.microsoft.com/developer/msbuild/2003">
  <ItemGroup>
    <Filter Include="Source Files">
      <UniqueIdentifier>{4FC737F1-C7A5-4376-A066-2A32D752A2FF}</UniqueIdentifier>
      <Extensions>cpp;c;cc;cxx;def;odl;idl;hpj;bat;asm;asmx</Extensions>
    </Filter>
    <Filter Include="Resource Files">
      <UniqueIdentifier>{67DA6AB6-F800-4c08-8B7A-83BB121AAD01}</UniqueIdentifier>
      <Extensions>rc;ico;cur;bmp;dlg;rc2;rct;bin;rgs;gif;jpg;jpeg;jpe;resx;tiff;tif;png;wav;mfcribbon-ms</Extensions>
    </Filter>
    <Filter Include="Source Files\fs">
      <UniqueIdentifier>{fda013fa-bd2d-4476-a85d-03fd776aeeae}</UniqueIdentifier>
    </Filter>
    <Filter Include="Source Files\material">
      <UniqueIdentifier>{d2176b40-9223-4dc5-b9bd-72884f305187}</UniqueIdentifier>
    </Filter>
    <Filter Include="Source Files\math">
      <UniqueIdentifier>{92883b66-f5a8-4596-96a2-b000359380da}</UniqueIdentifier>
    </Filter>
    <Filter Include="Source Files\model">
      <UniqueIdentifier>{646ea360-fb71-48a1-92d7-22268c8a2e50}</UniqueIdentifier>
    </Filter>
    <Filter Include="Source Files\prefab">
      <UniqueIdentifier>{92f43755-ce6f-4d4e-8487-19a824f0577c}</UniqueIdentifier>
    </Filter>
    <Filter Include="Source Files\structs">
      <UniqueIdentifier>{b12af2e6-fed5-4eb7-b8bf-cb59278de8c8}</UniqueIdentifier>
    </Filter>
    <Filter Include="Source Files\texture">
      <UniqueIdentifier>{de190e3d-95bf-4088-bfba-3c227704792b}</UniqueIdentifier>
    </Filter>
    <Filter Include="Source Files\utils">
      <UniqueIdentifier>{13378da8-0ad4-4adf-a55d-6191d2fa2b03}</UniqueIdentifier>
    </Filter>
    <Filter Include="Source Files\fmt">
      <UniqueIdentifier>{ef913f95-7919-4f96-974a-d1c78b02804c}</UniqueIdentifier>
    </Filter>
    <Filter Include="Source Files\pix">
      <UniqueIdentifier>{8b4bac82-5d09-4403-b828-3f5d0b7d71ba}</UniqueIdentifier>
    </Filter>
  </ItemGroup>
  <ItemGroup>
    <ClInclude Include="version.h">
      <Filter>Source Files</Filter>
    </ClInclude>
    <ClInclude Include="fs\file.h">
      <Filter>Source Files\fs</Filter>
    </ClInclude>
    <ClInclude Include="fs\filesystem.h">
      <Filter>Source Files\fs</Filter>
    </ClInclude>
    <ClInclude Include="fs\sysfilesystem.h">
      <Filter>Source Files\fs</Filter>
    </ClInclude>
    <ClInclude Include="fs\sysfs_file.h">
      <Filter>Source Files\fs</Filter>
    </ClInclude>
    <ClInclude Include="fs\uberfilesystem.h">
      <Filter>Source Files\fs</Filter>
    </ClInclude>
    <ClInclude Include="fs\zipfilesystem.h">
      <Filter>Source Files\fs</Filter>
    </ClInclude>
    <ClInclude Include="fs\zipfs_file.h">
      <Filter>Source Files\fs</Filter>
    </ClInclude>
    <ClInclude Include="material\material.h">
      <Filter>Source Files\material</Filter>
    </ClInclude>
    <ClInclude Include="math\aabox.h">
      <Filter>Source Files\math</Filter>
    </ClInclude>
    <ClInclude Include="math\matrix.h">
      <Filter>Source Files\math</Filter>
    </ClInclude>
    <ClInclude Include="math\quaternion.h">
      <Filter>Source Files\math</Filter>
    </ClInclude>
    <ClInclude Include="math\vector.h">
      <Filter>Source Files\math</Filter>
    </ClInclude>
    <ClInclude Include="model\animation.h">
      <Filter>Source Files\model</Filter>
    </ClInclude>
    <ClInclude Include="model\bone.h">
      <Filter>Source Files\model</Filter>
    </ClInclude>
    <ClInclude Include="model\collision.h">
      <Filter>Source Files\model</Filter>
    </ClInclude>
    <ClInclude Include="model\locator.h">
      <Filter>Source Files\model</Filter>
    </ClInclude>
    <ClInclude Include="model\model.h">
      <Filter>Source Files\model</Filter>
    </ClInclude>
    <ClInclude Include="model\part.h">
      <Filter>Source Files\model</Filter>
    </ClInclude>
    <ClInclude Include="model\piece.h">
      <Filter>Source Files\model</Filter>
    </ClInclude>
    <ClInclude Include="prefab\curve.h">
      <Filter>Source Files\prefab</Filter>
    </ClInclude>
    <ClInclude Include="prefab\intersection.h">
      <Filter>Source Files\prefab</Filter>
    </ClInclude>
    <ClInclude Include="prefab\map_point.h">
      <Filter>Source Files\prefab</Filter>
    </ClInclude>
    <ClInclude Include="prefab\node.h">
      <Filter>Source Files\prefab</Filter>
    </ClInclude>
    <ClInclude Include="prefab\prefab.h">
      <Filter>Source Files\prefab</Filter>
    </ClInclude>
    <ClInclude Include="prefab\semaphore.h">
      <Filter>Source Files\prefab</Filter>
    </ClInclude>
    <ClInclude Include="prefab\sign.h">
      <Filter>Source Files\prefab</Filter>
    </ClInclude>
    <ClInclude Include="prefab\spawn_point.h">
      <Filter>Source Files\prefab</Filter>
    </ClInclude>
    <ClInclude Include="prefab\terrain_point_variant.h">
      <Filter>Source Files\prefab</Filter>
    </ClInclude>
    <ClInclude Include="prefab\trigger_point.h">
      <Filter>Source Files\prefab</Filter>
    </ClInclude>
    <ClInclude Include="structs\dds.h">
      <Filter>Source Files\structs</Filter>
    </ClInclude>
    <ClInclude Include="structs\pma.h">
      <Filter>Source Files\structs</Filter>
    </ClInclude>
    <ClInclude Include="structs\pmc.h">
      <Filter>Source Files\structs</Filter>
    </ClInclude>
    <ClInclude Include="structs\pmd.h">
      <Filter>Source Files\structs</Filter>
    </ClInclude>
    <ClInclude Include="structs\pmg_0x13.h">
      <Filter>Source Files\structs</Filter>
    </ClInclude>
    <ClInclude Include="structs\pmg_0x14.h">
      <Filter>Source Files\structs</Filter>
    </ClInclude>
    <ClInclude Include="structs\ppd.h">
      <Filter>Source Files\structs</Filter>
    </ClInclude>
    <ClInclude Include="structs\tobj.h">
      <Filter>Source Files\structs</Filter>
    </ClInclude>
    <ClInclude Include="structs\zip.h">
      <Filter>Source Files\structs</Filter>
    </ClInclude>
    <ClInclude Include="texture\texture.h">
      <Filter>Source Files\texture</Filter>
    </ClInclude>
    <ClInclude Include="texture\texture_object.h">
      <Filter>Source Files\texture</Filter>
    </ClInclude>
    <ClInclude Include="utils\explicit_singleton.h">
      <Filter>Source Files\utils</Filter>
    </ClInclude>
    <ClInclude Include="utils\hash.h">
      <Filter>Source Files\utils</Filter>
    </ClInclude>
    <ClInclude Include="utils\token.h">
      <Filter>Source Files\utils</Filter>
    </ClInclude>
    <ClInclude Include="utils\types.h">
      <Filter>Source Files\utils</Filter>
    </ClInclude>
    <ClInclude Include="config.h">
      <Filter>Source Files</Filter>
    </ClInclude>
    <ClInclude Include="prerequisites.h">
      <Filter>Source Files</Filter>
    </ClInclude>
    <ClInclude Include="resource_lib.h">
      <Filter>Source Files</Filter>
    </ClInclude>
    <ClInclude Include="callbacks.h">
      <Filter>Source Files</Filter>
    </ClInclude>
    <ClInclude Include="pix\pix.h">
      <Filter>Source Files\pix</Filter>
    </ClInclude>
    <ClInclude Include="fs\hashfilesystem.h">
      <Filter>Source Files\fs</Filter>
    </ClInclude>
    <ClInclude Include="fs\hashfs_file.h">
      <Filter>Source Files\fs</Filter>
    </ClInclude>
    <ClInclude Include="structs\hashfs.h">
      <Filter>Source Files\structs</Filter>
    </ClInclude>
    <ClInclude Include="utils\string_tokenizer.h">
      <Filter>Source Files\utils</Filter>
    </ClInclude>
  </ItemGroup>
  <ItemGroup>
    <ClCompile Include="libs\fmt\fmt\format.cc">
      <Filter>Source Files\fmt</Filter>
    </ClCompile>
    <ClCompile Include="libs\fmt\fmt\ostream.cc">
      <Filter>Source Files\fmt</Filter>
    </ClCompile>
    <ClCompile Include="libs\fmt\fmt\posix.cc">
      <Filter>Source Files\fmt</Filter>
    </ClCompile>
    <ClCompile Include="fs\file.cpp">
      <Filter>Source Files\fs</Filter>
    </ClCompile>
    <ClCompile Include="fs\filesystem.cpp">
      <Filter>Source Files\fs</Filter>
    </ClCompile>
    <ClCompile Include="fs\sysfilesystem.cpp">
      <Filter>Source Files\fs</Filter>
    </ClCompile>
    <ClCompile Include="fs\sysfs_file.cpp">
      <Filter>Source Files\fs</Filter>
    </ClCompile>
    <ClCompile Include="fs\uberfilesystem.cpp">
      <Filter>Source Files\fs</Filter>
    </ClCompile>
    <ClCompile Include="fs\zipfilesystem.cpp">
      <Filter>Source Files\fs</Filter>
    </ClCompile>
    <ClCompile Include="fs\zipfs_file.cpp">
      <Filter>Source Files\fs</Filter>
    </ClCompile>
    <ClCompile Include="material\material.cpp">
      <Filter>Source Files\material</Filter>
    </ClCompile>
    <ClCompile Include="model\animation.cpp">
      <Filter>Source Files\model</Filter>
    </ClCompile>
    <ClCompile Include="model\collision.cpp">
      <Filter>Source Files\model</Filter>
    </ClCompile>
    <ClCompile Include="model\model.cpp">
      <Filter>Source Files\model</Filter>
    </ClCompile>
    <ClCompile Include="model\piece.cpp">
      <Filter>Source Files\model</Filter>
    </ClCompile>
    <ClCompile Include="prefab\prefab.cpp">
      <Filter>Source Files\prefab</Filter>
    </ClCompile>
    <ClCompile Include="structs\dds.cpp">
      <Filter>Source Files\structs</Filter>
    </ClCompile>
    <ClCompile Include="texture\texture.cpp">
      <Filter>Source Files\texture</Filter>
    </ClCompile>
    <ClCompile Include="texture\texture_object.cpp">
      <Filter>Source Files\texture</Filter>
    </ClCompile>
    <ClCompile Include="utils\token.cpp">
      <Filter>Source Files\utils</Filter>
    </ClCompile>
    <ClCompile Include="config.cpp">
      <Filter>Source Files</Filter>
    </ClCompile>
    <ClCompile Include="resource_lib.cpp">
      <Filter>Source Files</Filter>
    </ClCompile>
    <ClCompile Include="callbacks.cpp">
      <Filter>Source Files</Filter>
    </ClCompile>
    <ClCompile Include="pix\pix.cpp">
      <Filter>Source Files\pix</Filter>
    </ClCompile>
    <ClCompile Include="prerequisites.cpp">
      <Filter>Source Files</Filter>
    </ClCompile>
    <ClCompile Include="fs\hashfilesystem.cpp">
      <Filter>Source Files\fs</Filter>
    </ClCompile>
    <ClCompile Include="fs\hashfs_file.cpp">
      <Filter>Source Files\fs</Filter>
    </ClCompile>
    <ClCompile Include="utils\string_tokenizer.cpp">
      <Filter>Source Files\utils</Filter>
    </ClCompile>
  </ItemGroup>
</Project>